
Microsoft Visual Studio Solution File, Format Version 12.00
# Visual Studio Version 17
VisualStudioVersion = 17.13.35806.99
MinimumVisualStudioVersion = 10.0.40219.1
Project("{FAE04EC0-301F-11D3-BF4B-00C04F79EFBC}") = "URabbit", "URabbit\URabbit.csproj", "{4316C1AD-BC51-459C-B8C8-396A110B1521}"
EndProject
Project("{FAE04EC0-301F-11D3-BF4B-00C04F79EFBC}") = "RabbitInstaller", "RabbitInstaller\RabbitInstaller.csproj", "{CE1D1400-4AFF-4CF5-ADDA-CAFF3BD16B55}"
EndProject
Global
	GlobalSection(SolutionConfigurationPlatforms) = preSolution
		Debug|Any CPU = Debug|Any CPU
		Release|Any CPU = Release|Any CPU
	EndGlobalSection
	GlobalSection(ProjectConfigurationPlatforms) = postSolution
		{4316C1AD-BC51-459C-B8C8-396A110B1521}.Debug|Any CPU.ActiveCfg = Debug|Any CPU
		{4316C1AD-BC51-459C-B8C8-396A110B1521}.Debug|Any CPU.Build.0 = Debug|Any CPU
		{4316C1AD-BC51-459C-B8C8-396A110B1521}.Release|Any CPU.ActiveCfg = Release|Any CPU
		{4316C1AD-BC51-459C-B8C8-396A110B1521}.Release|Any CPU.Build.0 = Release|Any CPU
		{CE1D1400-4AFF-4CF5-ADDA-CAFF3BD16B55}.Debug|Any CPU.ActiveCfg = Debug|Any CPU
		{CE1D1400-4AFF-4CF5-ADDA-CAFF3BD16B55}.Debug|Any CPU.Build.0 = Debug|Any CPU
		{CE1D1400-4AFF-4CF5-ADDA-CAFF3BD16B55}.Release|Any CPU.ActiveCfg = Release|Any CPU
		{CE1D1400-4AFF-4CF5-ADDA-CAFF3BD16B55}.Release|Any CPU.Build.0 = Release|Any CPU
	EndGlobalSection
	GlobalSection(SolutionProperties) = preSolution
		HideSolutionNode = FALSE
	EndGlobalSection
	GlobalSection(ExtensibilityGlobals) = postSolution
		SolutionGuid = {4B9CC932-0AFD-457A-9C2B-BD3FB7E17C44}
	EndGlobalSection
EndGlobal
